{
  "name": "@kaenjs/vault-orm",
  "version": "0.0.0",
  "lockfileVersion": 1,
  "requires": true,
  "dependencies": {
    "@gerard2p/mce-types": {
      "version": "file:../../@gerard2p/mce-types",
      "dev": true
    },
    "@gerard2p/vault-orm": {
      "version": "file:../../@gerard2p/vault-orm",
      "requires": {
        "@mysql/xdevapi": "^8.0.15",
        "debug": "^4.1.1",
        "inflection": "^1.12.0",
        "mongodb": "^3.2.3",
        "reflect-metadata": "^0.1.13",
        "uuid": "^3.3.2"
      }
    },
    "@kaenjs/core": {
      "version": "file:../core",
      "dev": true,
      "requires": {
        "cookies": "^0.7.3",
        "debug": "^4.1.1",
        "html-entities": "^1.2.1",
        "http-status-codes": "^1.3.2",
        "inflection": "^1.12.0",
        "ws": "^6.2.1"
      }
    },
    "@types/node": {
      "version": "10.14.4",
      "resolved": "https://registry.npmjs.org/@types/node/-/node-10.14.4.tgz",
      "integrity": "sha512-DT25xX/YgyPKiHFOpNuANIQIVvYEwCWXgK2jYYwqgaMrYE6+tq+DtmMwlD3drl6DJbUwtlIDnn0d7tIn/EbXBg==",
      "dev": true
    },
    "typescript": {
      "version": "3.4.3",
      "resolved": "https://registry.npmjs.org/typescript/-/typescript-3.4.3.tgz",
      "integrity": "sha512-FFgHdPt4T/duxx6Ndf7hwgMZZjZpB+U0nMNGVCYPq0rEzWKjEDobm4J6yb3CS7naZ0yURFqdw9Gwc7UOh/P9oQ==",
      "dev": true
    }
  }
}
